<?xml version="1.0" encoding="utf-8"?>
<Project ToolsVersion="4.0" xmlns="http://schemas.microsoft.com/developer/msbuild/2003">
  <ItemGroup>
    <Filter Include="소스 파일">
      <UniqueIdentifier>{4FC737F1-C7A5-4376-A066-2A32D752A2FF}</UniqueIdentifier>
      <Extensions>cpp;c;cc;cxx;def;odl;idl;hpj;bat;asm;asmx</Extensions>
    </Filter>
    <Filter Include="헤더 파일">
      <UniqueIdentifier>{93995380-89BD-4b04-88EB-625FBE52EBFB}</UniqueIdentifier>
      <Extensions>h;hh;hpp;hxx;hm;inl;inc;xsd</Extensions>
    </Filter>
    <Filter Include="리소스 파일">
      <UniqueIdentifier>{67DA6AB6-F800-4c08-8B7A-83BB121AAD01}</UniqueIdentifier>
      <Extensions>rc;ico;cur;bmp;dlg;rc2;rct;bin;rgs;gif;jpg;jpeg;jpe;resx;tiff;tif;png;wav;mfcribbon-ms</Extensions>
    </Filter>
    <Filter Include="리소스 파일\images">
      <UniqueIdentifier>{983a93c2-d713-4ae9-8906-aefd90f8382f}</UniqueIdentifier>
    </Filter>
  </ItemGroup>
  <ItemGroup>
    <Text Include="ReadMe.txt" />
  </ItemGroup>
  <ItemGroup>
    <ClInclude Include="AntiRansomwareUser.h">
      <Filter>헤더 파일</Filter>
    </ClInclude>
    <ClInclude Include="AntiRansomwareUserDlg.h">
      <Filter>헤더 파일</Filter>
    </ClInclude>
    <ClInclude Include="stdafx.h">
      <Filter>헤더 파일</Filter>
    </ClInclude>
    <ClInclude Include="targetver.h">
      <Filter>헤더 파일</Filter>
    </ClInclude>
    <ClInclude Include="Resource.h">
      <Filter>헤더 파일</Filter>
    </ClInclude>
    <ClInclude Include="AntiRansomwareReportDlg.h">
      <Filter>헤더 파일</Filter>
    </ClInclude>
    <ClInclude Include="scanuser.h">
      <Filter>헤더 파일</Filter>
    </ClInclude>
    <ClInclude Include="..\inc\scanuk.h">
      <Filter>헤더 파일</Filter>
    </ClInclude>
    <ClInclude Include="AntiRansomwareRecord.h">
      <Filter>헤더 파일</Filter>
    </ClInclude>
    <ClInclude Include="AntiRansomwareTable.h">
      <Filter>헤더 파일</Filter>
    </ClInclude>
    <ClInclude Include="UtilityFilesys.h">
      <Filter>헤더 파일</Filter>
    </ClInclude>
    <ClInclude Include="CGdiPlusBitmap.h">
      <Filter>헤더 파일</Filter>
    </ClInclude>
    <ClInclude Include="GdipButton.h">
      <Filter>헤더 파일</Filter>
    </ClInclude>
    <ClInclude Include="MemDC.h">
      <Filter>헤더 파일</Filter>
    </ClInclude>
  </ItemGroup>
  <ItemGroup>
    <ClCompile Include="AntiRansomwareUser.cpp">
      <Filter>소스 파일</Filter>
    </ClCompile>
    <ClCompile Include="AntiRansomwareUserDlg.cpp">
      <Filter>소스 파일</Filter>
    </ClCompile>
    <ClCompile Include="stdafx.cpp">
      <Filter>소스 파일</Filter>
    </ClCompile>
    <ClCompile Include="AntiRansomwareReportDlg.cpp">
      <Filter>소스 파일</Filter>
    </ClCompile>
    <ClCompile Include="AntiRansomwareRecord.cpp">
      <Filter>소스 파일</Filter>
    </ClCompile>
    <ClCompile Include="UtilityFilesys.cpp">
      <Filter>소스 파일</Filter>
    </ClCompile>
    <ClCompile Include="GdipButton.cpp">
      <Filter>소스 파일</Filter>
    </ClCompile>
  </ItemGroup>
  <ItemGroup>
    <ResourceCompile Include="AntiRansomwareUser.rc">
      <Filter>리소스 파일</Filter>
    </ResourceCompile>
  </ItemGroup>
  <ItemGroup>
    <None Include="res\AntiRansomwareUser.rc2">
      <Filter>리소스 파일</Filter>
    </None>
  </ItemGroup>
  <ItemGroup>
    <Image Include="res\AntiRansomwareUser.ico">
      <Filter>리소스 파일</Filter>
    </Image>
    <Image Include="images\close_active.png">
      <Filter>리소스 파일\images</Filter>
    </Image>
    <Image Include="images\close_normal.png">
      <Filter>리소스 파일\images</Filter>
    </Image>
    <Image Include="images\menu1_danger.bmp">
      <Filter>리소스 파일\images</Filter>
    </Image>
    <Image Include="images\menu1_danger.png">
      <Filter>리소스 파일\images</Filter>
    </Image>
    <Image Include="images\menu1_safety.bmp">
      <Filter>리소스 파일\images</Filter>
    </Image>
    <Image Include="images\menu1_safety.png">
      <Filter>리소스 파일\images</Filter>
    </Image>
    <Image Include="images\menu1_warning.bmp">
      <Filter>리소스 파일\images</Filter>
    </Image>
    <Image Include="images\menu1_warning.png">
      <Filter>리소스 파일\images</Filter>
    </Image>
    <Image Include="images\menu2_active.png">
      <Filter>리소스 파일\images</Filter>
    </Image>
    <Image Include="images\menu2_normal.png">
      <Filter>리소스 파일\images</Filter>
    </Image>
    <Image Include="images\menu3_active.png">
      <Filter>리소스 파일\images</Filter>
    </Image>
    <Image Include="images\menu3_normal.png">
      <Filter>리소스 파일\images</Filter>
    </Image>
    <Image Include="images\menu4_active.png">
      <Filter>리소스 파일\images</Filter>
    </Image>
    <Image Include="images\menu4_normal.png">
      <Filter>리소스 파일\images</Filter>
    </Image>
    <Image Include="images\menu5_active.png">
      <Filter>리소스 파일\images</Filter>
    </Image>
    <Image Include="images\menu5_normal.png">
      <Filter>리소스 파일\images</Filter>
    </Image>
    <Image Include="images\minimum_active.png">
      <Filter>리소스 파일\images</Filter>
    </Image>
    <Image Include="images\minimum_normal.png">
      <Filter>리소스 파일\images</Filter>
    </Image>
    <Image Include="images\toggle_off_active.png">
      <Filter>리소스 파일\images</Filter>
    </Image>
    <Image Include="images\toggle_off_normal.png">
      <Filter>리소스 파일\images</Filter>
    </Image>
    <Image Include="images\toggle_on_active.png">
      <Filter>리소스 파일\images</Filter>
    </Image>
    <Image Include="images\toggle_on_normal.png">
      <Filter>리소스 파일\images</Filter>
    </Image>
    <Image Include="images\AntiRansomware_650x475.bmp">
      <Filter>리소스 파일\images</Filter>
    </Image>
  </ItemGroup>
</Project>